
Microsoft Visual Studio Solution File, Format Version 12.00
# Visual Studio 14
VisualStudioVersion = 14.0.25420.1
MinimumVisualStudioVersion = 10.0.40219.1
Project("{FAE04EC0-301F-11D3-BF4B-00C04F79EFBC}") = "MachineManagement", "MachineManagement\MachineManagement.csproj", "{03EA7E65-60D0-4740-AFD5-9502215C034F}"
EndProject
Project("{FAE04EC0-301F-11D3-BF4B-00C04F79EFBC}") = "DatabaseObject", "DatabaseObject\DatabaseObject.csproj", "{9CA39E73-72A6-4F75-AEBC-5E539BD995CA}"
EndProject
Global
	GlobalSection(SolutionConfigurationPlatforms) = preSolution
		Debug|Any CPU = Debug|Any CPU
		Release|Any CPU = Release|Any CPU
	EndGlobalSection
	GlobalSection(ProjectConfigurationPlatforms) = postSolution
		{03EA7E65-60D0-4740-AFD5-9502215C034F}.Debug|Any CPU.ActiveCfg = Debug|Any CPU
		{03EA7E65-60D0-4740-AFD5-9502215C034F}.Debug|Any CPU.Build.0 = Debug|Any CPU
		{03EA7E65-60D0-4740-AFD5-9502215C034F}.Release|Any CPU.ActiveCfg = Release|Any CPU
		{03EA7E65-60D0-4740-AFD5-9502215C034F}.Release|Any CPU.Build.0 = Release|Any CPU
		{9CA39E73-72A6-4F75-AEBC-5E539BD995CA}.Debug|Any CPU.ActiveCfg = Debug|Any CPU
		{9CA39E73-72A6-4F75-AEBC-5E539BD995CA}.Debug|Any CPU.Build.0 = Debug|Any CPU
		{9CA39E73-72A6-4F75-AEBC-5E539BD995CA}.Release|Any CPU.ActiveCfg = Release|Any CPU
		{9CA39E73-72A6-4F75-AEBC-5E539BD995CA}.Release|Any CPU.Build.0 = Release|Any CPU
	EndGlobalSection
	GlobalSection(SolutionProperties) = preSolution
		HideSolutionNode = FALSE
	EndGlobalSection
EndGlobal
